// !$*UTF8*$!
{
	archiveVersion = 1;
	classes = {
	};
	objectVersion = 56;
	objects = {

/* Begin PBXBuildFile section */
		EC62AC512BFAFA4E00664FFF /* Teste_CalculadoraApp.swift in Sources */ = {isa = PBXBuildFile; fileRef = EC62AC502BFAFA4E00664FFF /* Teste_CalculadoraApp.swift */; };
		EC62AC532BFAFA4E00664FFF /* ContentView.swift in Sources */ = {isa = PBXBuildFile; fileRef = EC62AC522BFAFA4E00664FFF /* ContentView.swift */; };
		EC62AC552BFAFA5100664FFF /* Assets.xcassets in Resources */ = {isa = PBXBuildFile; fileRef = EC62AC542BFAFA5100664FFF /* Assets.xcassets */; };
		EC62AC582BFAFA5100664FFF /* Preview Assets.xcassets in Resources */ = {isa = PBXBuildFile; fileRef = EC62AC572BFAFA5100664FFF /* Preview Assets.xcassets */; };
		EC62AC632BFAFA5200664FFF /* Teste_CalculadoraTests.swift in Sources */ = {isa = PBXBuildFile; fileRef = EC62AC622BFAFA5200664FFF /* Teste_CalculadoraTests.swift */; };
		EC62AC6D2BFAFA5200664FFF /* Teste_CalculadoraUITests.swift in Sources */ = {isa = PBXBuildFile; fileRef = EC62AC6C2BFAFA5200664FFF /* Teste_CalculadoraUITests.swift */; };
		EC62AC6F2BFAFA5200664FFF /* Teste_CalculadoraUITestsLaunchTests.swift in Sources */ = {isa = PBXBuildFile; fileRef = EC62AC6E2BFAFA5200664FFF /* Teste_CalculadoraUITestsLaunchTests.swift */; };
		EC62AC7C2BFAFBBD00664FFF /* VisualEffectBlur.swift in Sources */ = {isa = PBXBuildFile; fileRef = EC62AC7B2BFAFBBD00664FFF /* VisualEffectBlur.swift */; };
/* End PBXBuildFile section */

/* Begin PBXContainerItemProxy section */
		EC62AC5F2BFAFA5200664FFF /* PBXContainerItemProxy */ = {
			isa = PBXContainerItemProxy;
			containerPortal = EC62AC452BFAFA4E00664FFF /* Project object */;
			proxyType = 1;
			remoteGlobalIDString = EC62AC4C2BFAFA4E00664FFF;
			remoteInfo = "Teste-Calculadora";
		};
		EC62AC692BFAFA5200664FFF /* PBXContainerItemProxy */ = {
			isa = PBXContainerItemProxy;
			containerPortal = EC62AC452BFAFA4E00664FFF /* Project object */;
			proxyType = 1;
			remoteGlobalIDString = EC62AC4C2BFAFA4E00664FFF;
			remoteInfo = "Teste-Calculadora";
		};
/* End PBXContainerItemProxy section */

/* Begin PBXFileReference section */
		EC62AC4D2BFAFA4E00664FFF /* Teste-Calculadora.app */ = {isa = PBXFileReference; explicitFileType = wrapper.application; includeInIndex = 0; path = "Teste-Calculadora.app"; sourceTree = BUILT_PRODUCTS_DIR; };
		EC62AC502BFAFA4E00664FFF /* Teste_CalculadoraApp.swift */ = {isa = PBXFileReference; lastKnownFileType = sourcecode.swift; path = Teste_CalculadoraApp.swift; sourceTree = "<group>"; };
		EC62AC522BFAFA4E00664FFF /* ContentView.swift */ = {isa = PBXFileReference; lastKnownFileType = sourcecode.swift; path = ContentView.swift; sourceTree = "<group>"; };
		EC62AC542BFAFA5100664FFF /* Assets.xcassets */ = {isa = PBXFileReference; lastKnownFileType = folder.assetcatalog; path = Assets.xcassets; sourceTree = "<group>"; };
		EC62AC572BFAFA5100664FFF /* Preview Assets.xcassets */ = {isa = PBXFileReference; lastKnownFileType = folder.assetcatalog; path = "Preview Assets.xcassets"; sourceTree = "<group>"; };
		EC62AC592BFAFA5100664FFF /* Teste_Calculadora.entitlements */ = {isa = PBXFileReference; lastKnownFileType = text.plist.entitlements; path = Teste_Calculadora.entitlements; sourceTree = "<group>"; };
		EC62AC5E2BFAFA5200664FFF /* Teste-CalculadoraTests.xctest */ = {isa = PBXFileReference; explicitFileType = wrapper.cfbundle; includeInIndex = 0; path = "Teste-CalculadoraTests.xctest"; sourceTree = BUILT_PRODUCTS_DIR; };
		EC62AC622BFAFA5200664FFF /* Teste_CalculadoraTests.swift */ = {isa = PBXFileReference; lastKnownFileType = sourcecode.swift; path = Teste_CalculadoraTests.swift; sourceTree = "<group>"; };
		EC62AC682BFAFA5200664FFF /* Teste-CalculadoraUITests.xctest */ = {isa = PBXFileReference; explicitFileType = wrapper.cfbundle; includeInIndex = 0; path = "Teste-CalculadoraUITests.xctest"; sourceTree = BUILT_PRODUCTS_DIR; };
		EC62AC6C2BFAFA5200664FFF /* Teste_CalculadoraUITests.swift */ = {isa = PBXFileReference; lastKnownFileType = sourcecode.swift; path = Teste_CalculadoraUITests.swift; sourceTree = "<group>"; };
		EC62AC6E2BFAFA5200664FFF /* Teste_CalculadoraUITestsLaunchTests.swift */ = {isa = PBXFileReference; lastKnownFileType = sourcecode.swift; path = Teste_CalculadoraUITestsLaunchTests.swift; sourceTree = "<group>"; };
		EC62AC7B2BFAFBBD00664FFF /* VisualEffectBlur.swift */ = {isa = PBXFileReference; lastKnownFileType = sourcecode.swift; path = VisualEffectBlur.swift; sourceTree = "<group>"; };
/* End PBXFileReference section */

/* Begin PBXFrameworksBuildPhase section */
		EC62AC4A2BFAFA4E00664FFF /* Frameworks */ = {
			isa = PBXFrameworksBuildPhase;
			buildActionMask = 2147483647;
			files = (
			);
			runOnlyForDeploymentPostprocessing = 0;
		};
		EC62AC5B2BFAFA5200664FFF /* Frameworks */ = {
			isa = PBXFrameworksBuildPhase;
			buildActionMask = 2147483647;
			files = (
			);
			runOnlyForDeploymentPostprocessing = 0;
		};
		EC62AC652BFAFA5200664FFF /* Frameworks */ = {
			isa = PBXFrameworksBuildPhase;
			buildActionMask = 2147483647;
			files = (
			);
			runOnlyForDeploymentPostprocessing = 0;
		};
/* End PBXFrameworksBuildPhase section */

/* Begin PBXGroup section */
		EC62AC442BFAFA4E00664FFF = {
			isa = PBXGroup;
			children = (
				EC62AC4F2BFAFA4E00664FFF /* Teste-Calculadora */,
				EC62AC612BFAFA5200664FFF /* Teste-CalculadoraTests */,
				EC62AC6B2BFAFA5200664FFF /* Teste-CalculadoraUITests */,
				EC62AC4E2BFAFA4E00664FFF /* Products */,
			);
			sourceTree = "<group>";
		};
		EC62AC4E2BFAFA4E00664FFF /* Products */ = {
			isa = PBXGroup;
			children = (
				EC62AC4D2BFAFA4E00664FFF /* Teste-Calculadora.app */,
				EC62AC5E2BFAFA5200664FFF /* Teste-CalculadoraTests.xctest */,
				EC62AC682BFAFA5200664FFF /* Teste-CalculadoraUITests.xctest */,
			);
			name = Products;
			sourceTree = "<group>";
		};
		EC62AC4F2BFAFA4E00664FFF /* Teste-Calculadora */ = {
			isa = PBXGroup;
			children = (
				EC62AC502BFAFA4E00664FFF /* Teste_CalculadoraApp.swift */,
				EC62AC522BFAFA4E00664FFF /* ContentView.swift */,
				EC62AC542BFAFA5100664FFF /* Assets.xcassets */,
				EC62AC592BFAFA5100664FFF /* Teste_Calculadora.entitlements */,
				EC62AC562BFAFA5100664FFF /* Preview Content */,
				EC62AC7B2BFAFBBD00664FFF /* VisualEffectBlur.swift */,
			);
			path = "Teste-Calculadora";
			sourceTree = "<group>";
		};
		EC62AC562BFAFA5100664FFF /* Preview Content */ = {
			isa = PBXGroup;
			children = (
				EC62AC572BFAFA5100664FFF /* Preview Assets.xcassets */,
			);
			path = "Preview Content";
			sourceTree = "<group>";
		};
		EC62AC612BFAFA5200664FFF /* Teste-CalculadoraTests */ = {
			isa = PBXGroup;
			children = (
				EC62AC622BFAFA5200664FFF /* Teste_CalculadoraTests.swift */,
			);
			path = "Teste-CalculadoraTests";
			sourceTree = "<group>";
		};
		EC62AC6B2BFAFA5200664FFF /* Teste-CalculadoraUITests */ = {
			isa = PBXGroup;
			children = (
				EC62AC6C2BFAFA5200664FFF /* Teste_CalculadoraUITests.swift */,
				EC62AC6E2BFAFA5200664FFF /* Teste_CalculadoraUITestsLaunchTests.swift */,
			);
			path = "Teste-CalculadoraUITests";
			sourceTree = "<group>";
		};
/* End PBXGroup section */

/* Begin PBXNativeTarget section */
		EC62AC4C2BFAFA4E00664FFF /* Teste-Calculadora */ = {
			isa = PBXNativeTarget;
			buildConfigurationList = EC62AC722BFAFA5200664FFF /* Build configuration list for PBXNativeTarget "Teste-Calculadora" */;
			buildPhases = (
				EC62AC492BFAFA4E00664FFF /* Sources */,
				EC62AC4A2BFAFA4E00664FFF /* Frameworks */,
				EC62AC4B2BFAFA4E00664FFF /* Resources */,
			);
			buildRules = (
			);
			dependencies = (
			);
			name = "Teste-Calculadora";
			productName = "Teste-Calculadora";
			productReference = EC62AC4D2BFAFA4E00664FFF /* Teste-Calculadora.app */;
			productType = "com.apple.product-type.application";
		};
		EC62AC5D2BFAFA5200664FFF /* Teste-CalculadoraTests */ = {
			isa = PBXNativeTarget;
			buildConfigurationList = EC62AC752BFAFA5200664FFF /* Build configuration list for PBXNativeTarget "Teste-CalculadoraTests" */;
			buildPhases = (
				EC62AC5A2BFAFA5200664FFF /* Sources */,
				EC62AC5B2BFAFA5200664FFF /* Frameworks */,
				EC62AC5C2BFAFA5200664FFF /* Resources */,
			);
			buildRules = (
			);
			dependencies = (
				EC62AC602BFAFA5200664FFF /* PBXTargetDependency */,
			);
			name = "Teste-CalculadoraTests";
			productName = "Teste-CalculadoraTests";
			productReference = EC62AC5E2BFAFA5200664FFF /* Teste-CalculadoraTests.xctest */;
			productType = "com.apple.product-type.bundle.unit-test";
		};
		EC62AC672BFAFA5200664FFF /* Teste-CalculadoraUITests */ = {
			isa = PBXNativeTarget;
			buildConfigurationList = EC62AC782BFAFA5200664FFF /* Build configuration list for PBXNativeTarget "Teste-CalculadoraUITests" */;
			buildPhases = (
				EC62AC642BFAFA5200664FFF /* Sources */,
				EC62AC652BFAFA5200664FFF /* Frameworks */,
				EC62AC662BFAFA5200664FFF /* Resources */,
			);
			buildRules = (
			);
			dependencies = (
				EC62AC6A2BFAFA5200664FFF /* PBXTargetDependency */,
			);
			name = "Teste-CalculadoraUITests";
			productName = "Teste-CalculadoraUITests";
			productReference = EC62AC682BFAFA5200664FFF /* Teste-CalculadoraUITests.xctest */;
			productType = "com.apple.product-type.bundle.ui-testing";
		};
/* End PBXNativeTarget section */

/* Begin PBXProject section */
		EC62AC452BFAFA4E00664FFF /* Project object */ = {
			isa = PBXProject;
			attributes = {
				BuildIndependentTargetsInParallel = 1;
				LastSwiftUpdateCheck = 1540;
				LastUpgradeCheck = 1540;
				TargetAttributes = {
					EC62AC4C2BFAFA4E00664FFF = {
						CreatedOnToolsVersion = 15.4;
					};
					EC62AC5D2BFAFA5200664FFF = {
						CreatedOnToolsVersion = 15.4;
						TestTargetID = EC62AC4C2BFAFA4E00664FFF;
					};
					EC62AC672BFAFA5200664FFF = {
						CreatedOnToolsVersion = 15.4;
						TestTargetID = EC62AC4C2BFAFA4E00664FFF;
					};
				};
			};
			buildConfigurationList = EC62AC482BFAFA4E00664FFF /* Build configuration list for PBXProject "Teste-Calculadora" */;
			compatibilityVersion = "Xcode 14.0";
			developmentRegion = en;
			hasScannedForEncodings = 0;
			knownRegions = (
				en,
				Base,
			);
			mainGroup = EC62AC442BFAFA4E00664FFF;
			productRefGroup = EC62AC4E2BFAFA4E00664FFF /* Products */;
			projectDirPath = "";
			projectRoot = "";
			targets = (
				EC62AC4C2BFAFA4E00664FFF /* Teste-Calculadora */,
				EC62AC5D2BFAFA5200664FFF /* Teste-CalculadoraTests */,
				EC62AC672BFAFA5200664FFF /* Teste-CalculadoraUITests */,
			);
		};
/* End PBXProject section */

/* Begin PBXResourcesBuildPhase section */
		EC62AC4B2BFAFA4E00664FFF /* Resources */ = {
			isa = PBXResourcesBuildPhase;
			buildActionMask = 2147483647;
			files = (
				EC62AC582BFAFA5100664FFF /* Preview Assets.xcassets in Resources */,
				EC62AC552BFAFA5100664FFF /* Assets.xcassets in Resources */,
			);
			runOnlyForDeploymentPostprocessing = 0;
		};
		EC62AC5C2BFAFA5200664FFF /* Resources */ = {
			isa = PBXResourcesBuildPhase;
			buildActionMask = 2147483647;
			files = (
			);
			runOnlyForDeploymentPostprocessing = 0;
		};
		EC62AC662BFAFA5200664FFF /* Resources */ = {
			isa = PBXResourcesBuildPhase;
			buildActionMask = 2147483647;
			files = (
			);
			runOnlyForDeploymentPostprocessing = 0;
		};
/* End PBXResourcesBuildPhase section */

/* Begin PBXSourcesBuildPhase section */
		EC62AC492BFAFA4E00664FFF /* Sources */ = {
			isa = PBXSourcesBuildPhase;
			buildActionMask = 2147483647;
			files = (
				EC62AC7C2BFAFBBD00664FFF /* VisualEffectBlur.swift in Sources */,
				EC62AC532BFAFA4E00664FFF /* ContentView.swift in Sources */,
				EC62AC512BFAFA4E00664FFF /* Teste_CalculadoraApp.swift in Sources */,
			);
			runOnlyForDeploymentPostprocessing = 0;
		};
		EC62AC5A2BFAFA5200664FFF /* Sources */ = {
			isa = PBXSourcesBuildPhase;
			buildActionMask = 2147483647;
			files = (
				EC62AC632BFAFA5200664FFF /* Teste_CalculadoraTests.swift in Sources */,
			);
			runOnlyForDeploymentPostprocessing = 0;
		};
		EC62AC642BFAFA5200664FFF /* Sources */ = {
			isa = PBXSourcesBuildPhase;
			buildActionMask = 2147483647;
			files = (
				EC62AC6F2BFAFA5200664FFF /* Teste_CalculadoraUITestsLaunchTests.swift in Sources */,
				EC62AC6D2BFAFA5200664FFF /* Teste_CalculadoraUITests.swift in Sources */,
			);
			runOnlyForDeploymentPostprocessing = 0;
		};
/* End PBXSourcesBuildPhase section */

/* Begin PBXTargetDependency section */
		EC62AC602BFAFA5200664FFF /* PBXTargetDependency */ = {
			isa = PBXTargetDependency;
			target = EC62AC4C2BFAFA4E00664FFF /* Teste-Calculadora */;
			targetProxy = EC62AC5F2BFAFA5200664FFF /* PBXContainerItemProxy */;
		};
		EC62AC6A2BFAFA5200664FFF /* PBXTargetDependency */ = {
			isa = PBXTargetDependency;
			target = EC62AC4C2BFAFA4E00664FFF /* Teste-Calculadora */;
			targetProxy = EC62AC692BFAFA5200664FFF /* PBXContainerItemProxy */;
		};
/* End PBXTargetDependency section */

/* Begin XCBuildConfiguration section */
		EC62AC702BFAFA5200664FFF /* Debug */ = {
			isa = XCBuildConfiguration;
			buildSettings = {
				ALWAYS_SEARCH_USER_PATHS = NO;
				ASSETCATALOG_COMPILER_GENERATE_SWIFT_ASSET_SYMBOL_EXTENSIONS = YES;
				CLANG_ANALYZER_NONNULL = YES;
				CLANG_ANALYZER_NUMBER_OBJECT_CONVERSION = YES_AGGRESSIVE;
				CLANG_CXX_LANGUAGE_STANDARD = "gnu++20";
				CLANG_ENABLE_MODULES = YES;
				CLANG_ENABLE_OBJC_ARC = YES;
				CLANG_ENABLE_OBJC_WEAK = YES;
				CLANG_WARN_BLOCK_CAPTURE_AUTORELEASING = YES;
				CLANG_WARN_BOOL_CONVERSION = YES;
				CLANG_WARN_COMMA = YES;
				CLANG_WARN_CONSTANT_CONVERSION = YES;
				CLANG_WARN_DEPRECATED_OBJC_IMPLEMENTATIONS = YES;
				CLANG_WARN_DIRECT_OBJC_ISA_USAGE = YES_ERROR;
				CLANG_WARN_DOCUMENTATION_COMMENTS = YES;
				CLANG_WARN_EMPTY_BODY = YES;
				CLANG_WARN_ENUM_CONVERSION = YES;
				CLANG_WARN_INFINITE_RECURSION = YES;
				CLANG_WARN_INT_CONVERSION = YES;
				CLANG_WARN_NON_LITERAL_NULL_CONVERSION = YES;
				CLANG_WARN_OBJC_IMPLICIT_RETAIN_SELF = YES;
				CLANG_WARN_OBJC_LITERAL_CONVERSION = YES;
				CLANG_WARN_OBJC_ROOT_CLASS = YES_ERROR;
				CLANG_WARN_QUOTED_INCLUDE_IN_FRAMEWORK_HEADER = YES;
				CLANG_WARN_RANGE_LOOP_ANALYSIS = YES;
				CLANG_WARN_STRICT_PROTOTYPES = YES;
				CLANG_WARN_SUSPICIOUS_MOVE = YES;
				CLANG_WARN_UNGUARDED_AVAILABILITY = YES_AGGRESSIVE;
				CLANG_WARN_UNREACHABLE_CODE = YES;
				CLANG_WARN__DUPLICATE_METHOD_MATCH = YES;
				COPY_PHASE_STRIP = NO;
				DEBUG_INFORMATION_FORMAT = dwarf;
				ENABLE_STRICT_OBJC_MSGSEND = YES;
				ENABLE_TESTABILITY = YES;
				ENABLE_USER_SCRIPT_SANDBOXING = YES;
				GCC_C_LANGUAGE_STANDARD = gnu17;
				GCC_DYNAMIC_NO_PIC = NO;
				GCC_NO_COMMON_BLOCKS = YES;
				GCC_OPTIMIZATION_LEVEL = 0;
				GCC_PREPROCESSOR_DEFINITIONS = (
					"DEBUG=1",
					"$(inherited)",
				);
				GCC_WARN_64_TO_32_BIT_CONVERSION = YES;
				GCC_WARN_ABOUT_RETURN_TYPE = YES_ERROR;
				GCC_WARN_UNDECLARED_SELECTOR = YES;
				GCC_WARN_UNINITIALIZED_AUTOS = YES_AGGRESSIVE;
				GCC_WARN_UNUSED_FUNCTION = YES;
				GCC_WARN_UNUSED_VARIABLE = YES;
				LOCALIZATION_PREFERS_STRING_CATALOGS = YES;
				MACOSX_DEPLOYMENT_TARGET = 14.4;
				MTL_ENABLE_DEBUG_INFO = INCLUDE_SOURCE;
				MTL_FAST_MATH = YES;
				ONLY_ACTIVE_ARCH = YES;
				SDKROOT = macosx;
				SWIFT_ACTIVE_COMPILATION_CONDITIONS = "DEBUG $(inherited)";
				SWIFT_OPTIMIZATION_LEVEL = "-Onone";
			};
			name = Debug;
		};
		EC62AC712BFAFA5200664FFF /* Release */ = {
			isa = XCBuildConfiguration;
			buildSettings = {
				ALWAYS_SEARCH_USER_PATHS = NO;
				ASSETCATALOG_COMPILER_GENERATE_SWIFT_ASSET_SYMBOL_EXTENSIONS = YES;
				CLANG_ANALYZER_NONNULL = YES;
				CLANG_ANALYZER_NUMBER_OBJECT_CONVERSION = YES_AGGRESSIVE;
				CLANG_CXX_LANGUAGE_STANDARD = "gnu++20";
				CLANG_ENABLE_MODULES = YES;
				CLANG_ENABLE_OBJC_ARC = YES;
				CLANG_ENABLE_OBJC_WEAK = YES;
				CLANG_WARN_BLOCK_CAPTURE_AUTORELEASING = YES;
				CLANG_WARN_BOOL_CONVERSION = YES;
				CLANG_WARN_COMMA = YES;
				CLANG_WARN_CONSTANT_CONVERSION = YES;
				CLANG_WARN_DEPRECATED_OBJC_IMPLEMENTATIONS = YES;
				CLANG_WARN_DIRECT_OBJC_ISA_USAGE = YES_ERROR;
				CLANG_WARN_DOCUMENTATION_COMMENTS = YES;
				CLANG_WARN_EMPTY_BODY = YES;
				CLANG_WARN_ENUM_CONVERSION = YES;
				CLANG_WARN_INFINITE_RECURSION = YES;
				CLANG_WARN_INT_CONVERSION = YES;
				CLANG_WARN_NON_LITERAL_NULL_CONVERSION = YES;
				CLANG_WARN_OBJC_IMPLICIT_RETAIN_SELF = YES;
				CLANG_WARN_OBJC_LITERAL_CONVERSION = YES;
				CLANG_WARN_OBJC_ROOT_CLASS = YES_ERROR;
				CLANG_WARN_QUOTED_INCLUDE_IN_FRAMEWORK_HEADER = YES;
				CLANG_WARN_RANGE_LOOP_ANALYSIS = YES;
				CLANG_WARN_STRICT_PROTOTYPES = YES;
				CLANG_WARN_SUSPICIOUS_MOVE = YES;
				CLANG_WARN_UNGUARDED_AVAILABILITY = YES_AGGRESSIVE;
				CLANG_WARN_UNREACHABLE_CODE = YES;
				CLANG_WARN__DUPLICATE_METHOD_MATCH = YES;
				COPY_PHASE_STRIP = NO;
				DEBUG_INFORMATION_FORMAT = "dwarf-with-dsym";
				ENABLE_NS_ASSERTIONS = NO;
				ENABLE_STRICT_OBJC_MSGSEND = YES;
				ENABLE_USER_SCRIPT_SANDBOXING = YES;
				GCC_C_LANGUAGE_STANDARD = gnu17;
				GCC_NO_COMMON_BLOCKS = YES;
				GCC_WARN_64_TO_32_BIT_CONVERSION = YES;
				GCC_WARN_ABOUT_RETURN_TYPE = YES_ERROR;
				GCC_WARN_UNDECLARED_SELECTOR = YES;
				GCC_WARN_UNINITIALIZED_AUTOS = YES_AGGRESSIVE;
				GCC_WARN_UNUSED_FUNCTION = YES;
				GCC_WARN_UNUSED_VARIABLE = YES;
				LOCALIZATION_PREFERS_STRING_CATALOGS = YES;
				MACOSX_DEPLOYMENT_TARGET = 14.4;
				MTL_ENABLE_DEBUG_INFO = NO;
				MTL_FAST_MATH = YES;
				SDKROOT = macosx;
				SWIFT_COMPILATION_MODE = wholemodule;
			};
			name = Release;
		};
		EC62AC732BFAFA5200664FFF /* Debug */ = {
			isa = XCBuildConfiguration;
			buildSettings = {
				ASSETCATALOG_COMPILER_APPICON_NAME = AppIcon;
				ASSETCATALOG_COMPILER_GLOBAL_ACCENT_COLOR_NAME = AccentColor;
				CODE_SIGN_ENTITLEMENTS = "Teste-Calculadora/Teste_Calculadora.entitlements";
				CODE_SIGN_STYLE = Automatic;
				COMBINE_HIDPI_IMAGES = YES;
				CURRENT_PROJECT_VERSION = 1;
				DEVELOPMENT_ASSET_PATHS = "\"Teste-Calculadora/Preview Content\"";
				DEVELOPMENT_TEAM = Q25488YBSW;
				ENABLE_HARDENED_RUNTIME = YES;
				ENABLE_PREVIEWS = YES;
				GENERATE_INFOPLIST_FILE = YES;
				INFOPLIST_KEY_NSHumanReadableCopyright = "";
				LD_RUNPATH_SEARCH_PATHS = (
					"$(inherited)",
					"@executable_path/../Frameworks",
				);
				MARKETING_VERSION = 1.0;
				PRODUCT_BUNDLE_IDENTIFIER = "heitorbf.Teste-Calculadora";
				PRODUCT_NAME = "$(TARGET_NAME)";
				SWIFT_EMIT_LOC_STRINGS = YES;
				SWIFT_VERSION = 5.0;
			};
			name = Debug;
		};
		EC62AC742BFAFA5200664FFF /* Release */ = {
			isa = XCBuildConfiguration;
			buildSettings = {
				ASSETCATALOG_COMPILER_APPICON_NAME = AppIcon;
				ASSETCATALOG_COMPILER_GLOBAL_ACCENT_COLOR_NAME = AccentColor;
				CODE_SIGN_ENTITLEMENTS = "Teste-Calculadora/Teste_Calculadora.entitlements";
				CODE_SIGN_STYLE = Automatic;
				COMBINE_HIDPI_IMAGES = YES;
				CURRENT_PROJECT_VERSION = 1;
				DEVELOPMENT_ASSET_PATHS = "\"Teste-Calculadora/Preview Content\"";
				DEVELOPMENT_TEAM = Q25488YBSW;
				ENABLE_HARDENED_RUNTIME = YES;
				ENABLE_PREVIEWS = YES;
				GENERATE_INFOPLIST_FILE = YES;
				INFOPLIST_KEY_NSHumanReadableCopyright = "";
				LD_RUNPATH_SEARCH_PATHS = (
					"$(inherited)",
					"@executable_path/../Frameworks",
				);
				MARKETING_VERSION = 1.0;
				PRODUCT_BUNDLE_IDENTIFIER = "heitorbf.Teste-Calculadora";
				PRODUCT_NAME = "$(TARGET_NAME)";
				SWIFT_EMIT_LOC_STRINGS = YES;
				SWIFT_VERSION = 5.0;
			};
			name = Release;
		};
		EC62AC762BFAFA5200664FFF /* Debug */ = {
			isa = XCBuildConfiguration;
			buildSettings = {
				ALWAYS_EMBED_SWIFT_STANDARD_LIBRARIES = YES;
				BUNDLE_LOADER = "$(TEST_HOST)";
				CODE_SIGN_STYLE = Automatic;
				CURRENT_PROJECT_VERSION = 1;
				DEVELOPMENT_TEAM = Q25488YBSW;
				GENERATE_INFOPLIST_FILE = YES;
				MACOSX_DEPLOYMENT_TARGET = 14.4;
				MARKETING_VERSION = 1.0;
				PRODUCT_BUNDLE_IDENTIFIER = "heitorbf.Teste-CalculadoraTests";
				PRODUCT_NAME = "$(TARGET_NAME)";
				SWIFT_EMIT_LOC_STRINGS = NO;
				SWIFT_VERSION = 5.0;
				TEST_HOST = "$(BUILT_PRODUCTS_DIR)/Teste-Calculadora.app/$(BUNDLE_EXECUTABLE_FOLDER_PATH)/Teste-Calculadora";
			};
			name = Debug;
		};
		EC62AC772BFAFA5200664FFF /* Release */ = {
			isa = XCBuildConfiguration;
			buildSettings = {
				ALWAYS_EMBED_SWIFT_STANDARD_LIBRARIES = YES;
				BUNDLE_LOADER = "$(TEST_HOST)";
				CODE_SIGN_STYLE = Automatic;
				CURRENT_PROJECT_VERSION = 1;
				DEVELOPMENT_TEAM = Q25488YBSW;
				GENERATE_INFOPLIST_FILE = YES;
				MACOSX_DEPLOYMENT_TARGET = 14.4;
				MARKETING_VERSION = 1.0;
				PRODUCT_BUNDLE_IDENTIFIER = "heitorbf.Teste-CalculadoraTests";
				PRODUCT_NAME = "$(TARGET_NAME)";
				SWIFT_EMIT_LOC_STRINGS = NO;
				SWIFT_VERSION = 5.0;
				TEST_HOST = "$(BUILT_PRODUCTS_DIR)/Teste-Calculadora.app/$(BUNDLE_EXECUTABLE_FOLDER_PATH)/Teste-Calculadora";
			};
			name = Release;
		};
		EC62AC792BFAFA5200664FFF /* Debug */ = {
			isa = XCBuildConfiguration;
			buildSettings = {
				ALWAYS_EMBED_SWIFT_STANDARD_LIBRARIES = YES;
				CODE_SIGN_STYLE = Automatic;
				CURRENT_PROJECT_VERSION = 1;
				DEVELOPMENT_TEAM = Q25488YBSW;
				GENERATE_INFOPLIST_FILE = YES;
				MARKETING_VERSION = 1.0;
				PRODUCT_BUNDLE_IDENTIFIER = "heitorbf.Teste-CalculadoraUITests";
				PRODUCT_NAME = "$(TARGET_NAME)";
				SWIFT_EMIT_LOC_STRINGS = NO;
				SWIFT_VERSION = 5.0;
				TEST_TARGET_NAME = "Teste-Calculadora";
			};
			name = Debug;
		};
		EC62AC7A2BFAFA5200664FFF /* Release */ = {
			isa = XCBuildConfiguration;
			buildSettings = {
				ALWAYS_EMBED_SWIFT_STANDARD_LIBRARIES = YES;
				CODE_SIGN_STYLE = Automatic;
				CURRENT_PROJECT_VERSION = 1;
				DEVELOPMENT_TEAM = Q25488YBSW;
				GENERATE_INFOPLIST_FILE = YES;
				MARKETING_VERSION = 1.0;
				PRODUCT_BUNDLE_IDENTIFIER = "heitorbf.Teste-CalculadoraUITests";
				PRODUCT_NAME = "$(TARGET_NAME)";
				SWIFT_EMIT_LOC_STRINGS = NO;
				SWIFT_VERSION = 5.0;
				TEST_TARGET_NAME = "Teste-Calculadora";
			};
			name = Release;
		};
/* End XCBuildConfiguration section */

/* Begin XCConfigurationList section */
		EC62AC482BFAFA4E00664FFF /* Build configuration list for PBXProject "Teste-Calculadora" */ = {
			isa = XCConfigurationList;
			buildConfigurations = (
				EC62AC702BFAFA5200664FFF /* Debug */,
				EC62AC712BFAFA5200664FFF /* Release */,
			);
			defaultConfigurationIsVisible = 0;
			defaultConfigurationName = Release;
		};
		EC62AC722BFAFA5200664FFF /* Build configuration list for PBXNativeTarget "Teste-Calculadora" */ = {
			isa = XCConfigurationList;
			buildConfigurations = (
				EC62AC732BFAFA5200664FFF /* Debug */,
				EC62AC742BFAFA5200664FFF /* Release */,
			);
			defaultConfigurationIsVisible = 0;
			defaultConfigurationName = Release;
		};
		EC62AC752BFAFA5200664FFF /* Build configuration list for PBXNativeTarget "Teste-CalculadoraTests" */ = {
			isa = XCConfigurationList;
			buildConfigurations = (
				EC62AC762BFAFA5200664FFF /* Debug */,
				EC62AC772BFAFA5200664FFF /* Release */,
			);
			defaultConfigurationIsVisible = 0;
			defaultConfigurationName = Release;
		};
		EC62AC782BFAFA5200664FFF /* Build configuration list for PBXNativeTarget "Teste-CalculadoraUITests" */ = {
			isa = XCConfigurationList;
			buildConfigurations = (
				EC62AC792BFAFA5200664FFF /* Debug */,
				EC62AC7A2BFAFA5200664FFF /* Release */,
			);
			defaultConfigurationIsVisible = 0;
			defaultConfigurationName = Release;
		};
/* End XCConfigurationList section */
	};
	rootObject = EC62AC452BFAFA4E00664FFF /* Project object */;
}
